
Microsoft Visual Studio Solution File, Format Version 12.00
# Visual Studio Version 17
VisualStudioVersion = 17.7.34009.444
MinimumVisualStudioVersion = 10.0.40219.1
Project("{FAE04EC0-301F-11D3-BF4B-00C04F79EFBC}") = "WebBanNuocTinhKhiet", "WebBanNuocTinhKhiet\WebBanNuocTinhKhiet.csproj", "{EB70BD4B-F98C-48EF-B0CF-44E7B861CD42}"
EndProject
Global
	GlobalSection(SolutionConfigurationPlatforms) = preSolution
		Debug|Any CPU = Debug|Any CPU
		Release|Any CPU = Release|Any CPU
	EndGlobalSection
	GlobalSection(ProjectConfigurationPlatforms) = postSolution
		{EB70BD4B-F98C-48EF-B0CF-44E7B861CD42}.Debug|Any CPU.ActiveCfg = Debug|Any CPU
		{EB70BD4B-F98C-48EF-B0CF-44E7B861CD42}.Debug|Any CPU.Build.0 = Debug|Any CPU
		{EB70BD4B-F98C-48EF-B0CF-44E7B861CD42}.Release|Any CPU.ActiveCfg = Release|Any CPU
		{EB70BD4B-F98C-48EF-B0CF-44E7B861CD42}.Release|Any CPU.Build.0 = Release|Any CPU
	EndGlobalSection
	GlobalSection(SolutionProperties) = preSolution
		HideSolutionNode = FALSE
	EndGlobalSection
	GlobalSection(ExtensibilityGlobals) = postSolution
		SolutionGuid = {839CE5C5-1412-43C1-A1B1-D51C064ED773}
	EndGlobalSection
EndGlobal
